
Microsoft Visual Studio Solution File, Format Version 12.00
# Visual Studio Version 16
VisualStudioVersion = 16.0.29519.87
MinimumVisualStudioVersion = 10.0.40219.1
Project("{FAE04EC0-301F-11D3-BF4B-00C04F79EFBC}") = "Car Game", "Car Game\Car Game.csproj", "{BCFDEAF7-5808-4D8F-9DF0-3006026C94FF}"
EndProject
Global
	GlobalSection(SolutionConfigurationPlatforms) = preSolution
		Debug|Any CPU = Debug|Any CPU
		Release|Any CPU = Release|Any CPU
	EndGlobalSection
	GlobalSection(ProjectConfigurationPlatforms) = postSolution
		{BCFDEAF7-5808-4D8F-9DF0-3006026C94FF}.Debug|Any CPU.ActiveCfg = Debug|Any CPU
		{BCFDEAF7-5808-4D8F-9DF0-3006026C94FF}.Debug|Any CPU.Build.0 = Debug|Any CPU
		{BCFDEAF7-5808-4D8F-9DF0-3006026C94FF}.Release|Any CPU.ActiveCfg = Release|Any CPU
		{BCFDEAF7-5808-4D8F-9DF0-3006026C94FF}.Release|Any CPU.Build.0 = Release|Any CPU
	EndGlobalSection
	GlobalSection(SolutionProperties) = preSolution
		HideSolutionNode = FALSE
	EndGlobalSection
	GlobalSection(ExtensibilityGlobals) = postSolution
		SolutionGuid = {2075E078-D223-4DAD-8BF2-15CE47FB2D2A}
	EndGlobalSection
EndGlobal
